// !$*UTF8*$!
{
	archiveVersion = 1;
	classes = {
	};
	objectVersion = 56;
	objects = {

/* Begin PBXBuildFile section */
		2618946A2C523ABD0076BC65 /* AppDelegate.swift in Sources */ = {isa = PBXBuildFile; fileRef = 261894692C523ABD0076BC65 /* AppDelegate.swift */; };
		2618946C2C523ABD0076BC65 /* SceneDelegate.swift in Sources */ = {isa = PBXBuildFile; fileRef = 2618946B2C523ABD0076BC65 /* SceneDelegate.swift */; };
		261894712C523ABD0076BC65 /* Main.storyboard in Resources */ = {isa = PBXBuildFile; fileRef = 2618946F2C523ABD0076BC65 /* Main.storyboard */; };
		261894732C523AC10076BC65 /* Assets.xcassets in Resources */ = {isa = PBXBuildFile; fileRef = 261894722C523AC10076BC65 /* Assets.xcassets */; };
		261894762C523AC10076BC65 /* LaunchScreen.storyboard in Resources */ = {isa = PBXBuildFile; fileRef = 261894742C523AC10076BC65 /* LaunchScreen.storyboard */; };
		261894842C523B2D0076BC65 /* UserSession.swift in Sources */ = {isa = PBXBuildFile; fileRef = 261894802C523B290076BC65 /* UserSession.swift */; };
		261894852C523B2D0076BC65 /* PretendUser.swift in Sources */ = {isa = PBXBuildFile; fileRef = 261894812C523B290076BC65 /* PretendUser.swift */; };
		261894862C523B2D0076BC65 /* PretendUserRepository.swift in Sources */ = {isa = PBXBuildFile; fileRef = 261894832C523B290076BC65 /* PretendUserRepository.swift */; };
		261894872C523B2D0076BC65 /* PretendUserLocalDS.swift in Sources */ = {isa = PBXBuildFile; fileRef = 2618947E2C523B1E0076BC65 /* PretendUserLocalDS.swift */; };
		2618948B2C523D570076BC65 /* RecipeCard.swift in Sources */ = {isa = PBXBuildFile; fileRef = 2618948A2C523D570076BC65 /* RecipeCard.swift */; };
		2618948E2C523E130076BC65 /* UIImageView.Extension.swift in Sources */ = {isa = PBXBuildFile; fileRef = 2618948D2C523E130076BC65 /* UIImageView.Extension.swift */; };
		261894912C5248D00076BC65 /* RecipesViewController.swift in Sources */ = {isa = PBXBuildFile; fileRef = 261894902C5248D00076BC65 /* RecipesViewController.swift */; };
		261894932C5248F80076BC65 /* BasketViewController.swift in Sources */ = {isa = PBXBuildFile; fileRef = 261894922C5248F80076BC65 /* BasketViewController.swift */; };
/* End PBXBuildFile section */

/* Begin PBXFileReference section */
		261894662C523ABD0076BC65 /* MealzOnboardingProviderUIKit.app */ = {isa = PBXFileReference; explicitFileType = wrapper.application; includeInIndex = 0; path = MealzOnboardingProviderUIKit.app; sourceTree = BUILT_PRODUCTS_DIR; };
		261894692C523ABD0076BC65 /* AppDelegate.swift */ = {isa = PBXFileReference; lastKnownFileType = sourcecode.swift; path = AppDelegate.swift; sourceTree = "<group>"; };
		2618946B2C523ABD0076BC65 /* SceneDelegate.swift */ = {isa = PBXFileReference; lastKnownFileType = sourcecode.swift; path = SceneDelegate.swift; sourceTree = "<group>"; };
		261894702C523ABD0076BC65 /* Base */ = {isa = PBXFileReference; lastKnownFileType = file.storyboard; name = Base; path = Base.lproj/Main.storyboard; sourceTree = "<group>"; };
		261894722C523AC10076BC65 /* Assets.xcassets */ = {isa = PBXFileReference; lastKnownFileType = folder.assetcatalog; path = Assets.xcassets; sourceTree = "<group>"; };
		261894752C523AC10076BC65 /* Base */ = {isa = PBXFileReference; lastKnownFileType = file.storyboard; name = Base; path = Base.lproj/LaunchScreen.storyboard; sourceTree = "<group>"; };
		261894772C523AC10076BC65 /* Info.plist */ = {isa = PBXFileReference; lastKnownFileType = text.plist.xml; path = Info.plist; sourceTree = "<group>"; };
		2618947E2C523B1E0076BC65 /* PretendUserLocalDS.swift */ = {isa = PBXFileReference; lastKnownFileType = sourcecode.swift; path = PretendUserLocalDS.swift; sourceTree = "<group>"; };
		261894802C523B290076BC65 /* UserSession.swift */ = {isa = PBXFileReference; lastKnownFileType = sourcecode.swift; path = UserSession.swift; sourceTree = "<group>"; };
		261894812C523B290076BC65 /* PretendUser.swift */ = {isa = PBXFileReference; lastKnownFileType = sourcecode.swift; path = PretendUser.swift; sourceTree = "<group>"; };
		261894832C523B290076BC65 /* PretendUserRepository.swift */ = {isa = PBXFileReference; lastKnownFileType = sourcecode.swift; path = PretendUserRepository.swift; sourceTree = "<group>"; };
		2618948A2C523D570076BC65 /* RecipeCard.swift */ = {isa = PBXFileReference; lastKnownFileType = sourcecode.swift; path = RecipeCard.swift; sourceTree = "<group>"; };
		2618948D2C523E130076BC65 /* UIImageView.Extension.swift */ = {isa = PBXFileReference; lastKnownFileType = sourcecode.swift; path = UIImageView.Extension.swift; sourceTree = "<group>"; };
		261894902C5248D00076BC65 /* RecipesViewController.swift */ = {isa = PBXFileReference; lastKnownFileType = sourcecode.swift; path = RecipesViewController.swift; sourceTree = "<group>"; };
		261894922C5248F80076BC65 /* BasketViewController.swift */ = {isa = PBXFileReference; lastKnownFileType = sourcecode.swift; path = BasketViewController.swift; sourceTree = "<group>"; };
/* End PBXFileReference section */

/* Begin PBXFrameworksBuildPhase section */
		261894632C523ABD0076BC65 /* Frameworks */ = {
			isa = PBXFrameworksBuildPhase;
			buildActionMask = 2147483647;
			files = (
			);
			runOnlyForDeploymentPostprocessing = 0;
		};
/* End PBXFrameworksBuildPhase section */

/* Begin PBXGroup section */
		2618945D2C523ABD0076BC65 = {
			isa = PBXGroup;
			children = (
				261894682C523ABD0076BC65 /* MealzOnboardingProviderUIKit */,
				261894672C523ABD0076BC65 /* Products */,
			);
			sourceTree = "<group>";
		};
		261894672C523ABD0076BC65 /* Products */ = {
			isa = PBXGroup;
			children = (
				261894662C523ABD0076BC65 /* MealzOnboardingProviderUIKit.app */,
			);
			name = Products;
			sourceTree = "<group>";
		};
		261894682C523ABD0076BC65 /* MealzOnboardingProviderUIKit */ = {
			isa = PBXGroup;
			children = (
				2618948C2C523DF50076BC65 /* Utils */,
				261894882C523D3E0076BC65 /* UI */,
				2618947D2C523B1E0076BC65 /* DataSource */,
				261894822C523B290076BC65 /* Repository */,
				2618947F2C523B290076BC65 /* Model */,
				261894692C523ABD0076BC65 /* AppDelegate.swift */,
				2618946B2C523ABD0076BC65 /* SceneDelegate.swift */,
				2618946F2C523ABD0076BC65 /* Main.storyboard */,
				261894722C523AC10076BC65 /* Assets.xcassets */,
				261894742C523AC10076BC65 /* LaunchScreen.storyboard */,
				261894772C523AC10076BC65 /* Info.plist */,
			);
			path = MealzOnboardingProviderUIKit;
			sourceTree = "<group>";
		};
		2618947D2C523B1E0076BC65 /* DataSource */ = {
			isa = PBXGroup;
			children = (
				2618947E2C523B1E0076BC65 /* PretendUserLocalDS.swift */,
			);
			path = DataSource;
			sourceTree = "<group>";
		};
		2618947F2C523B290076BC65 /* Model */ = {
			isa = PBXGroup;
			children = (
				261894802C523B290076BC65 /* UserSession.swift */,
				261894812C523B290076BC65 /* PretendUser.swift */,
			);
			path = Model;
			sourceTree = "<group>";
		};
		261894822C523B290076BC65 /* Repository */ = {
			isa = PBXGroup;
			children = (
				261894832C523B290076BC65 /* PretendUserRepository.swift */,
			);
			path = Repository;
			sourceTree = "<group>";
		};
		261894882C523D3E0076BC65 /* UI */ = {
			isa = PBXGroup;
			children = (
				2618948F2C5248C00076BC65 /* Features */,
				261894892C523D430076BC65 /* Components */,
			);
			path = UI;
			sourceTree = "<group>";
		};
		261894892C523D430076BC65 /* Components */ = {
			isa = PBXGroup;
			children = (
				2618948A2C523D570076BC65 /* RecipeCard.swift */,
			);
			path = Components;
			sourceTree = "<group>";
		};
		2618948C2C523DF50076BC65 /* Utils */ = {
			isa = PBXGroup;
			children = (
				2618948D2C523E130076BC65 /* UIImageView.Extension.swift */,
			);
			path = Utils;
			sourceTree = "<group>";
		};
		2618948F2C5248C00076BC65 /* Features */ = {
			isa = PBXGroup;
			children = (
				261894902C5248D00076BC65 /* RecipesViewController.swift */,
				261894922C5248F80076BC65 /* BasketViewController.swift */,
			);
			path = Features;
			sourceTree = "<group>";
		};
/* End PBXGroup section */

/* Begin PBXNativeTarget section */
		261894652C523ABD0076BC65 /* MealzOnboardingProviderUIKit */ = {
			isa = PBXNativeTarget;
			buildConfigurationList = 2618947A2C523AC10076BC65 /* Build configuration list for PBXNativeTarget "MealzOnboardingProviderUIKit" */;
			buildPhases = (
				261894622C523ABD0076BC65 /* Sources */,
				261894632C523ABD0076BC65 /* Frameworks */,
				261894642C523ABD0076BC65 /* Resources */,
			);
			buildRules = (
			);
			dependencies = (
			);
			name = MealzOnboardingProviderUIKit;
			productName = MealzOnboardingProviderUIKit;
			productReference = 261894662C523ABD0076BC65 /* MealzOnboardingProviderUIKit.app */;
			productType = "com.apple.product-type.application";
		};
/* End PBXNativeTarget section */

/* Begin PBXProject section */
		2618945E2C523ABD0076BC65 /* Project object */ = {
			isa = PBXProject;
			attributes = {
				BuildIndependentTargetsInParallel = 1;
				LastSwiftUpdateCheck = 1510;
				LastUpgradeCheck = 1510;
				TargetAttributes = {
					261894652C523ABD0076BC65 = {
						CreatedOnToolsVersion = 15.1;
					};
				};
			};
			buildConfigurationList = 261894612C523ABD0076BC65 /* Build configuration list for PBXProject "MealzOnboardingProviderUIKit" */;
			compatibilityVersion = "Xcode 14.0";
			developmentRegion = en;
			hasScannedForEncodings = 0;
			knownRegions = (
				en,
				Base,
			);
			mainGroup = 2618945D2C523ABD0076BC65;
			productRefGroup = 261894672C523ABD0076BC65 /* Products */;
			projectDirPath = "";
			projectRoot = "";
			targets = (
				261894652C523ABD0076BC65 /* MealzOnboardingProviderUIKit */,
			);
		};
/* End PBXProject section */

/* Begin PBXResourcesBuildPhase section */
		261894642C523ABD0076BC65 /* Resources */ = {
			isa = PBXResourcesBuildPhase;
			buildActionMask = 2147483647;
			files = (
				261894762C523AC10076BC65 /* LaunchScreen.storyboard in Resources */,
				261894732C523AC10076BC65 /* Assets.xcassets in Resources */,
				261894712C523ABD0076BC65 /* Main.storyboard in Resources */,
			);
			runOnlyForDeploymentPostprocessing = 0;
		};
/* End PBXResourcesBuildPhase section */

/* Begin PBXSourcesBuildPhase section */
		261894622C523ABD0076BC65 /* Sources */ = {
			isa = PBXSourcesBuildPhase;
			buildActionMask = 2147483647;
			files = (
				261894842C523B2D0076BC65 /* UserSession.swift in Sources */,
				261894852C523B2D0076BC65 /* PretendUser.swift in Sources */,
				261894862C523B2D0076BC65 /* PretendUserRepository.swift in Sources */,
				261894872C523B2D0076BC65 /* PretendUserLocalDS.swift in Sources */,
				2618948E2C523E130076BC65 /* UIImageView.Extension.swift in Sources */,
				2618948B2C523D570076BC65 /* RecipeCard.swift in Sources */,
				261894932C5248F80076BC65 /* BasketViewController.swift in Sources */,
				2618946A2C523ABD0076BC65 /* AppDelegate.swift in Sources */,
				261894912C5248D00076BC65 /* RecipesViewController.swift in Sources */,
				2618946C2C523ABD0076BC65 /* SceneDelegate.swift in Sources */,
			);
			runOnlyForDeploymentPostprocessing = 0;
		};
/* End PBXSourcesBuildPhase section */

/* Begin PBXVariantGroup section */
		2618946F2C523ABD0076BC65 /* Main.storyboard */ = {
			isa = PBXVariantGroup;
			children = (
				261894702C523ABD0076BC65 /* Base */,
			);
			name = Main.storyboard;
			sourceTree = "<group>";
		};
		261894742C523AC10076BC65 /* LaunchScreen.storyboard */ = {
			isa = PBXVariantGroup;
			children = (
				261894752C523AC10076BC65 /* Base */,
			);
			name = LaunchScreen.storyboard;
			sourceTree = "<group>";
		};
/* End PBXVariantGroup section */

/* Begin XCBuildConfiguration section */
		261894782C523AC10076BC65 /* Debug */ = {
			isa = XCBuildConfiguration;
			buildSettings = {
				ALWAYS_SEARCH_USER_PATHS = NO;
				ASSETCATALOG_COMPILER_GENERATE_SWIFT_ASSET_SYMBOL_EXTENSIONS = YES;
				CLANG_ANALYZER_NONNULL = YES;
				CLANG_ANALYZER_NUMBER_OBJECT_CONVERSION = YES_AGGRESSIVE;
				CLANG_CXX_LANGUAGE_STANDARD = "gnu++20";
				CLANG_ENABLE_MODULES = YES;
				CLANG_ENABLE_OBJC_ARC = YES;
				CLANG_ENABLE_OBJC_WEAK = YES;
				CLANG_WARN_BLOCK_CAPTURE_AUTORELEASING = YES;
				CLANG_WARN_BOOL_CONVERSION = YES;
				CLANG_WARN_COMMA = YES;
				CLANG_WARN_CONSTANT_CONVERSION = YES;
				CLANG_WARN_DEPRECATED_OBJC_IMPLEMENTATIONS = YES;
				CLANG_WARN_DIRECT_OBJC_ISA_USAGE = YES_ERROR;
				CLANG_WARN_DOCUMENTATION_COMMENTS = YES;
				CLANG_WARN_EMPTY_BODY = YES;
				CLANG_WARN_ENUM_CONVERSION = YES;
				CLANG_WARN_INFINITE_RECURSION = YES;
				CLANG_WARN_INT_CONVERSION = YES;
				CLANG_WARN_NON_LITERAL_NULL_CONVERSION = YES;
				CLANG_WARN_OBJC_IMPLICIT_RETAIN_SELF = YES;
				CLANG_WARN_OBJC_LITERAL_CONVERSION = YES;
				CLANG_WARN_OBJC_ROOT_CLASS = YES_ERROR;
				CLANG_WARN_QUOTED_INCLUDE_IN_FRAMEWORK_HEADER = YES;
				CLANG_WARN_RANGE_LOOP_ANALYSIS = YES;
				CLANG_WARN_STRICT_PROTOTYPES = YES;
				CLANG_WARN_SUSPICIOUS_MOVE = YES;
				CLANG_WARN_UNGUARDED_AVAILABILITY = YES_AGGRESSIVE;
				CLANG_WARN_UNREACHABLE_CODE = YES;
				CLANG_WARN__DUPLICATE_METHOD_MATCH = YES;
				COPY_PHASE_STRIP = NO;
				DEBUG_INFORMATION_FORMAT = dwarf;
				ENABLE_STRICT_OBJC_MSGSEND = YES;
				ENABLE_TESTABILITY = YES;
				ENABLE_USER_SCRIPT_SANDBOXING = YES;
				GCC_C_LANGUAGE_STANDARD = gnu17;
				GCC_DYNAMIC_NO_PIC = NO;
				GCC_NO_COMMON_BLOCKS = YES;
				GCC_OPTIMIZATION_LEVEL = 0;
				GCC_PREPROCESSOR_DEFINITIONS = (
					"DEBUG=1",
					"$(inherited)",
				);
				GCC_WARN_64_TO_32_BIT_CONVERSION = YES;
				GCC_WARN_ABOUT_RETURN_TYPE = YES_ERROR;
				GCC_WARN_UNDECLARED_SELECTOR = YES;
				GCC_WARN_UNINITIALIZED_AUTOS = YES_AGGRESSIVE;
				GCC_WARN_UNUSED_FUNCTION = YES;
				GCC_WARN_UNUSED_VARIABLE = YES;
				IPHONEOS_DEPLOYMENT_TARGET = 17.2;
				LOCALIZATION_PREFERS_STRING_CATALOGS = YES;
				MTL_ENABLE_DEBUG_INFO = INCLUDE_SOURCE;
				MTL_FAST_MATH = YES;
				ONLY_ACTIVE_ARCH = YES;
				SDKROOT = iphoneos;
				SWIFT_ACTIVE_COMPILATION_CONDITIONS = "DEBUG $(inherited)";
				SWIFT_OPTIMIZATION_LEVEL = "-Onone";
			};
			name = Debug;
		};
		261894792C523AC10076BC65 /* Release */ = {
			isa = XCBuildConfiguration;
			buildSettings = {
				ALWAYS_SEARCH_USER_PATHS = NO;
				ASSETCATALOG_COMPILER_GENERATE_SWIFT_ASSET_SYMBOL_EXTENSIONS = YES;
				CLANG_ANALYZER_NONNULL = YES;
				CLANG_ANALYZER_NUMBER_OBJECT_CONVERSION = YES_AGGRESSIVE;
				CLANG_CXX_LANGUAGE_STANDARD = "gnu++20";
				CLANG_ENABLE_MODULES = YES;
				CLANG_ENABLE_OBJC_ARC = YES;
				CLANG_ENABLE_OBJC_WEAK = YES;
				CLANG_WARN_BLOCK_CAPTURE_AUTORELEASING = YES;
				CLANG_WARN_BOOL_CONVERSION = YES;
				CLANG_WARN_COMMA = YES;
				CLANG_WARN_CONSTANT_CONVERSION = YES;
				CLANG_WARN_DEPRECATED_OBJC_IMPLEMENTATIONS = YES;
				CLANG_WARN_DIRECT_OBJC_ISA_USAGE = YES_ERROR;
				CLANG_WARN_DOCUMENTATION_COMMENTS = YES;
				CLANG_WARN_EMPTY_BODY = YES;
				CLANG_WARN_ENUM_CONVERSION = YES;
				CLANG_WARN_INFINITE_RECURSION = YES;
				CLANG_WARN_INT_CONVERSION = YES;
				CLANG_WARN_NON_LITERAL_NULL_CONVERSION = YES;
				CLANG_WARN_OBJC_IMPLICIT_RETAIN_SELF = YES;
				CLANG_WARN_OBJC_LITERAL_CONVERSION = YES;
				CLANG_WARN_OBJC_ROOT_CLASS = YES_ERROR;
				CLANG_WARN_QUOTED_INCLUDE_IN_FRAMEWORK_HEADER = YES;
				CLANG_WARN_RANGE_LOOP_ANALYSIS = YES;
				CLANG_WARN_STRICT_PROTOTYPES = YES;
				CLANG_WARN_SUSPICIOUS_MOVE = YES;
				CLANG_WARN_UNGUARDED_AVAILABILITY = YES_AGGRESSIVE;
				CLANG_WARN_UNREACHABLE_CODE = YES;
				CLANG_WARN__DUPLICATE_METHOD_MATCH = YES;
				COPY_PHASE_STRIP = NO;
				DEBUG_INFORMATION_FORMAT = "dwarf-with-dsym";
				ENABLE_NS_ASSERTIONS = NO;
				ENABLE_STRICT_OBJC_MSGSEND = YES;
				ENABLE_USER_SCRIPT_SANDBOXING = YES;
				GCC_C_LANGUAGE_STANDARD = gnu17;
				GCC_NO_COMMON_BLOCKS = YES;
				GCC_WARN_64_TO_32_BIT_CONVERSION = YES;
				GCC_WARN_ABOUT_RETURN_TYPE = YES_ERROR;
				GCC_WARN_UNDECLARED_SELECTOR = YES;
				GCC_WARN_UNINITIALIZED_AUTOS = YES_AGGRESSIVE;
				GCC_WARN_UNUSED_FUNCTION = YES;
				GCC_WARN_UNUSED_VARIABLE = YES;
				IPHONEOS_DEPLOYMENT_TARGET = 17.2;
				LOCALIZATION_PREFERS_STRING_CATALOGS = YES;
				MTL_ENABLE_DEBUG_INFO = NO;
				MTL_FAST_MATH = YES;
				SDKROOT = iphoneos;
				SWIFT_COMPILATION_MODE = wholemodule;
				VALIDATE_PRODUCT = YES;
			};
			name = Release;
		};
		2618947B2C523AC10076BC65 /* Debug */ = {
			isa = XCBuildConfiguration;
			buildSettings = {
				ASSETCATALOG_COMPILER_APPICON_NAME = AppIcon;
				ASSETCATALOG_COMPILER_GLOBAL_ACCENT_COLOR_NAME = AccentColor;
				CODE_SIGN_STYLE = Automatic;
				CURRENT_PROJECT_VERSION = 1;
				DEVELOPMENT_TEAM = VLHN7Y8965;
				GENERATE_INFOPLIST_FILE = YES;
				INFOPLIST_FILE = MealzOnboardingProviderUIKit/Info.plist;
				INFOPLIST_KEY_UIApplicationSupportsIndirectInputEvents = YES;
				INFOPLIST_KEY_UILaunchStoryboardName = LaunchScreen;
				INFOPLIST_KEY_UIMainStoryboardFile = Main;
				INFOPLIST_KEY_UISupportedInterfaceOrientations_iPad = "UIInterfaceOrientationPortrait UIInterfaceOrientationPortraitUpsideDown UIInterfaceOrientationLandscapeLeft UIInterfaceOrientationLandscapeRight";
				INFOPLIST_KEY_UISupportedInterfaceOrientations_iPhone = "UIInterfaceOrientationPortrait UIInterfaceOrientationLandscapeLeft UIInterfaceOrientationLandscapeRight";
				LD_RUNPATH_SEARCH_PATHS = (
					"$(inherited)",
					"@executable_path/Frameworks",
				);
				MARKETING_VERSION = 1.0;
				PRODUCT_BUNDLE_IDENTIFIER = mealz.MealzOnboardingProviderUIKit;
				PRODUCT_NAME = "$(TARGET_NAME)";
				SWIFT_EMIT_LOC_STRINGS = YES;
				SWIFT_VERSION = 5.0;
				TARGETED_DEVICE_FAMILY = "1,2";
			};
			name = Debug;
		};
		2618947C2C523AC10076BC65 /* Release */ = {
			isa = XCBuildConfiguration;
			buildSettings = {
				ASSETCATALOG_COMPILER_APPICON_NAME = AppIcon;
				ASSETCATALOG_COMPILER_GLOBAL_ACCENT_COLOR_NAME = AccentColor;
				CODE_SIGN_STYLE = Automatic;
				CURRENT_PROJECT_VERSION = 1;
				DEVELOPMENT_TEAM = VLHN7Y8965;
				GENERATE_INFOPLIST_FILE = YES;
				INFOPLIST_FILE = MealzOnboardingProviderUIKit/Info.plist;
				INFOPLIST_KEY_UIApplicationSupportsIndirectInputEvents = YES;
				INFOPLIST_KEY_UILaunchStoryboardName = LaunchScreen;
				INFOPLIST_KEY_UIMainStoryboardFile = Main;
				INFOPLIST_KEY_UISupportedInterfaceOrientations_iPad = "UIInterfaceOrientationPortrait UIInterfaceOrientationPortraitUpsideDown UIInterfaceOrientationLandscapeLeft UIInterfaceOrientationLandscapeRight";
				INFOPLIST_KEY_UISupportedInterfaceOrientations_iPhone = "UIInterfaceOrientationPortrait UIInterfaceOrientationLandscapeLeft UIInterfaceOrientationLandscapeRight";
				LD_RUNPATH_SEARCH_PATHS = (
					"$(inherited)",
					"@executable_path/Frameworks",
				);
				MARKETING_VERSION = 1.0;
				PRODUCT_BUNDLE_IDENTIFIER = mealz.MealzOnboardingProviderUIKit;
				PRODUCT_NAME = "$(TARGET_NAME)";
				SWIFT_EMIT_LOC_STRINGS = YES;
				SWIFT_VERSION = 5.0;
				TARGETED_DEVICE_FAMILY = "1,2";
			};
			name = Release;
		};
/* End XCBuildConfiguration section */

/* Begin XCConfigurationList section */
		261894612C523ABD0076BC65 /* Build configuration list for PBXProject "MealzOnboardingProviderUIKit" */ = {
			isa = XCConfigurationList;
			buildConfigurations = (
				261894782C523AC10076BC65 /* Debug */,
				261894792C523AC10076BC65 /* Release */,
			);
			defaultConfigurationIsVisible = 0;
			defaultConfigurationName = Release;
		};
		2618947A2C523AC10076BC65 /* Build configuration list for PBXNativeTarget "MealzOnboardingProviderUIKit" */ = {
			isa = XCConfigurationList;
			buildConfigurations = (
				2618947B2C523AC10076BC65 /* Debug */,
				2618947C2C523AC10076BC65 /* Release */,
			);
			defaultConfigurationIsVisible = 0;
			defaultConfigurationName = Release;
		};
/* End XCConfigurationList section */
	};
	rootObject = 2618945E2C523ABD0076BC65 /* Project object */;
}
